
Microsoft Visual Studio Solution File, Format Version 12.00
# Visual Studio Version 17
VisualStudioVersion = 17.9.34723.18
MinimumVisualStudioVersion = 10.0.40219.1
Project("{FAE04EC0-301F-11D3-BF4B-00C04F79EFBC}") = "GameZone", "GameZone\GameZone.csproj", "{FACD9623-960F-46CD-B97D-97A87301B76C}"
EndProject
Global
	GlobalSection(SolutionConfigurationPlatforms) = preSolution
		Debug|Any CPU = Debug|Any CPU
		Release|Any CPU = Release|Any CPU
	EndGlobalSection
	GlobalSection(ProjectConfigurationPlatforms) = postSolution
		{FACD9623-960F-46CD-B97D-97A87301B76C}.Debug|Any CPU.ActiveCfg = Debug|Any CPU
		{FACD9623-960F-46CD-B97D-97A87301B76C}.Debug|Any CPU.Build.0 = Debug|Any CPU
		{FACD9623-960F-46CD-B97D-97A87301B76C}.Release|Any CPU.ActiveCfg = Release|Any CPU
		{FACD9623-960F-46CD-B97D-97A87301B76C}.Release|Any CPU.Build.0 = Release|Any CPU
	EndGlobalSection
	GlobalSection(SolutionProperties) = preSolution
		HideSolutionNode = FALSE
	EndGlobalSection
	GlobalSection(ExtensibilityGlobals) = postSolution
		SolutionGuid = {AA270860-B218-4A6D-9444-6F517762D5B1}
	EndGlobalSection
EndGlobal
